<?xml version="1.0" encoding="utf-8"?>
<Project ToolsVersion="4.0" xmlns="http://schemas.microsoft.com/developer/msbuild/2003">
  <ItemGroup>
    <Filter Include="Source Files">
      <UniqueIdentifier>{4FC737F1-C7A5-4376-A066-2A32D752A2FF}</UniqueIdentifier>
      <Extensions>cpp;c;cc;cxx;c++;cppm;ixx;def;odl;idl;hpj;bat;asm;asmx</Extensions>
    </Filter>
    <Filter Include="Header Files">
      <UniqueIdentifier>{93995380-89BD-4b04-88EB-625FBE52EBFB}</UniqueIdentifier>
      <Extensions>h;hh;hpp;hxx;h++;hm;inl;inc;ipp;xsd</Extensions>
    </Filter>
    <Filter Include="Resource Files">
      <UniqueIdentifier>{67DA6AB6-F800-4c08-8B7A-83BB121AAD01}</UniqueIdentifier>
      <Extensions>rc;ico;cur;bmp;dlg;rc2;rct;bin;rgs;gif;jpg;jpeg;jpe;resx;tiff;tif;png;wav;mfcribbon-ms</Extensions>
    </Filter>
    <Filter Include="Docs">
      <UniqueIdentifier>{2dc28d74-0f32-4b88-9e0f-5a50b0cb0001}</UniqueIdentifier>
    </Filter>
  </ItemGroup>
  <ItemGroup>
    <ClInclude Include="c_base.h">
      <Filter>Header Files</Filter>
    </ClInclude>
    <ClInclude Include="c_botai.h">
      <Filter>Header Files</Filter>
    </ClInclude>
    <ClInclude Include="c_botnav.h">
      <Filter>Header Files</Filter>
    </ClInclude>
    <ClInclude Include="c_item.h">
      <Filter>Header Files</Filter>
    </ClInclude>
    <ClInclude Include="c_weapon.h">
      <Filter>Header Files</Filter>
    </ClInclude>
    <ClInclude Include="g_ctf.h">
      <Filter>Header Files</Filter>
    </ClInclude>
    <ClInclude Include="g_local.h">
      <Filter>Header Files</Filter>
    </ClInclude>
    <ClInclude Include="game.h">
      <Filter>Header Files</Filter>
    </ClInclude>
    <ClInclude Include="gslog.h">
      <Filter>Header Files</Filter>
    </ClInclude>
    <ClInclude Include="m_player.h">
      <Filter>Header Files</Filter>
    </ClInclude>
    <ClInclude Include="p_menu.h">
      <Filter>Header Files</Filter>
    </ClInclude>
    <ClInclude Include="q_shared.h">
      <Filter>Header Files</Filter>
    </ClInclude>
    <ClInclude Include="stdlog.h">
      <Filter>Header Files</Filter>
    </ClInclude>
    <ClInclude Include="classindex.h">
      <Filter>Header Files</Filter>
    </ClInclude>
    <ClInclude Include="performance.h">
      <Filter>Header Files</Filter>
    </ClInclude>
    <ClInclude Include="g_ent.h">
      <Filter>Header Files</Filter>
    </ClInclude>
    <ClInclude Include="c_maplist.h">
      <Filter>Header Files</Filter>
    </ClInclude>
    <ClInclude Include="c_belt.h">
      <Filter>Header Files</Filter>
    </ClInclude>
    <ClInclude Include="c_scanner.h">
      <Filter>Header Files</Filter>
    </ClInclude>
    <ClInclude Include="c_grapple.h">
      <Filter>Header Files</Filter>
    </ClInclude>
    <ClInclude Include="c_flashlight.h">
      <Filter>Header Files</Filter>
    </ClInclude>
    <ClInclude Include="c_jetpack.h">
      <Filter>Header Files</Filter>
    </ClInclude>
    <ClInclude Include="c_teleporter.h">
      <Filter>Header Files</Filter>
    </ClInclude>
  </ItemGroup>
  <ItemGroup>
    <None Include="game.def">
      <Filter>Resource Files</Filter>
    </None>
    <None Include="Makefile" />
    <None Include="Docs\example_server.cfg">
      <Filter>Docs</Filter>
    </None>
    <None Include="Docs\node.cfg">
      <Filter>Docs</Filter>
    </None>
  </ItemGroup>
  <ItemGroup>
    <ClCompile Include="c_base.c">
      <Filter>Source Files</Filter>
    </ClCompile>
    <ClCompile Include="c_botai.c">
      <Filter>Source Files</Filter>
    </ClCompile>
    <ClCompile Include="c_botmisc.c">
      <Filter>Source Files</Filter>
    </ClCompile>
    <ClCompile Include="c_botnav.c">
      <Filter>Source Files</Filter>
    </ClCompile>
    <ClCompile Include="c_cam.c">
      <Filter>Source Files</Filter>
    </ClCompile>
    <ClCompile Include="c_item.c">
      <Filter>Source Files</Filter>
    </ClCompile>
    <ClCompile Include="c_weapon.c">
      <Filter>Source Files</Filter>
    </ClCompile>
    <ClCompile Include="g_cmds.c">
      <Filter>Source Files</Filter>
    </ClCompile>
    <ClCompile Include="g_combat.c">
      <Filter>Source Files</Filter>
    </ClCompile>
    <ClCompile Include="g_ctf.c">
      <Filter>Source Files</Filter>
    </ClCompile>
    <ClCompile Include="g_func.c">
      <Filter>Source Files</Filter>
    </ClCompile>
    <ClCompile Include="g_items.c">
      <Filter>Source Files</Filter>
    </ClCompile>
    <ClCompile Include="g_main.c">
      <Filter>Source Files</Filter>
    </ClCompile>
    <ClCompile Include="g_misc.c">
      <Filter>Source Files</Filter>
    </ClCompile>
    <ClCompile Include="g_phys.c">
      <Filter>Source Files</Filter>
    </ClCompile>
    <ClCompile Include="g_save.c">
      <Filter>Source Files</Filter>
    </ClCompile>
    <ClCompile Include="g_spawn.c">
      <Filter>Source Files</Filter>
    </ClCompile>
    <ClCompile Include="g_svcmds.c">
      <Filter>Source Files</Filter>
    </ClCompile>
    <ClCompile Include="g_target.c">
      <Filter>Source Files</Filter>
    </ClCompile>
    <ClCompile Include="g_trigger.c">
      <Filter>Source Files</Filter>
    </ClCompile>
    <ClCompile Include="g_utils.c">
      <Filter>Source Files</Filter>
    </ClCompile>
    <ClCompile Include="g_weapon.c">
      <Filter>Source Files</Filter>
    </ClCompile>
    <ClCompile Include="gslog.c">
      <Filter>Source Files</Filter>
    </ClCompile>
    <ClCompile Include="m_move.c">
      <Filter>Source Files</Filter>
    </ClCompile>
    <ClCompile Include="p_client.c">
      <Filter>Source Files</Filter>
    </ClCompile>
    <ClCompile Include="p_hud.c">
      <Filter>Source Files</Filter>
    </ClCompile>
    <ClCompile Include="p_menu.c">
      <Filter>Source Files</Filter>
    </ClCompile>
    <ClCompile Include="p_view.c">
      <Filter>Source Files</Filter>
    </ClCompile>
    <ClCompile Include="p_weapon.c">
      <Filter>Source Files</Filter>
    </ClCompile>
    <ClCompile Include="q_shared.c">
      <Filter>Source Files</Filter>
    </ClCompile>
    <ClCompile Include="stdlog.c">
      <Filter>Source Files</Filter>
    </ClCompile>
    <ClCompile Include="performance.c">
      <Filter>Source Files</Filter>
    </ClCompile>
    <ClCompile Include="g_ent.c">
      <Filter>Source Files</Filter>
    </ClCompile>
    <ClCompile Include="c_maplist.c">
      <Filter>Source Files</Filter>
    </ClCompile>
    <ClCompile Include="c_belt.c">
      <Filter>Source Files</Filter>
    </ClCompile>
    <ClCompile Include="c_scanner.c">
      <Filter>Source Files</Filter>
    </ClCompile>
    <ClCompile Include="c_grapple.c">
      <Filter>Source Files</Filter>
    </ClCompile>
    <ClCompile Include="c_flashlight.c">
      <Filter>Source Files</Filter>
    </ClCompile>
    <ClCompile Include="c_jetpack.c">
      <Filter>Source Files</Filter>
    </ClCompile>
    <ClCompile Include="c_teleporter.c">
      <Filter>Source Files</Filter>
    </ClCompile>
  </ItemGroup>
  <ItemGroup>
    <Text Include="Docs\FIXEDBUGS.txt">
      <Filter>Docs</Filter>
    </Text>
    <Text Include="Docs\LICENSE.TXT">
      <Filter>Docs</Filter>
    </Text>
    <Text Include="Docs\nodetable.txt">
      <Filter>Docs</Filter>
    </Text>
    <Text Include="Docs\TODO.txt">
      <Filter>Docs</Filter>
    </Text>
  </ItemGroup>
</Project>